// !$*UTF8*$!
{
	archiveVersion = 1;
	classes = {
	};
	objectVersion = 46;
	objects = {

/* Begin PBXBuildFile section */
		8E027E8A1A061C7F0021B53B /* recoveryClient.cpp in Sources */ = {isa = PBXBuildFile; fileRef = 8E027E891A061C7F0021B53B /* recoveryClient.cpp */; };
		8E649EC619FEED3A00B69C3B /* filesystem.cpp in Sources */ = {isa = PBXBuildFile; fileRef = 8E649EC519FEED3A00B69C3B /* filesystem.cpp */; };
		8EB1946F1A25609500C80C3D /* utilities.cpp in Sources */ = {isa = PBXBuildFile; fileRef = 8EB1946D1A25609500C80C3D /* utilities.cpp */; };
		8ECB91A119FDE86A00613CE9 /* server.cpp in Sources */ = {isa = PBXBuildFile; fileRef = 8ECB91A019FDE86A00613CE9 /* server.cpp */; };
/* End PBXBuildFile section */

/* Begin PBXCopyFilesBuildPhase section */
		8ECB919B19FDE86A00613CE9 /* CopyFiles */ = {
			isa = PBXCopyFilesBuildPhase;
			buildActionMask = 2147483647;
			dstPath = /usr/share/man/man1/;
			dstSubfolderSpec = 0;
			files = (
			);
			runOnlyForDeploymentPostprocessing = 1;
		};
/* End PBXCopyFilesBuildPhase section */

/* Begin PBXFileReference section */
		8E027E871A061C300021B53B /* recoveryClient.h */ = {isa = PBXFileReference; fileEncoding = 4; lastKnownFileType = sourcecode.c.h; path = recoveryClient.h; sourceTree = "<group>"; };
		8E027E891A061C7F0021B53B /* recoveryClient.cpp */ = {isa = PBXFileReference; fileEncoding = 4; lastKnownFileType = sourcecode.cpp.cpp; path = recoveryClient.cpp; sourceTree = "<group>"; };
		8E1B51FD19FF1E5500492A4D /* filesystem.h */ = {isa = PBXFileReference; lastKnownFileType = sourcecode.c.h; path = filesystem.h; sourceTree = "<group>"; };
		8E649EC519FEED3A00B69C3B /* filesystem.cpp */ = {isa = PBXFileReference; fileEncoding = 4; lastKnownFileType = sourcecode.cpp.cpp; path = filesystem.cpp; sourceTree = "<group>"; };
		8E649EC719FEEDBB00B69C3B /* operations.h */ = {isa = PBXFileReference; lastKnownFileType = sourcecode.c.h; path = operations.h; sourceTree = "<group>"; };
		8E9F9D031A19B254000502DC /* server.h */ = {isa = PBXFileReference; fileEncoding = 4; lastKnownFileType = sourcecode.c.h; path = server.h; sourceTree = "<group>"; };
		8EB1946D1A25609500C80C3D /* utilities.cpp */ = {isa = PBXFileReference; fileEncoding = 4; lastKnownFileType = sourcecode.cpp.cpp; path = utilities.cpp; sourceTree = "<group>"; };
		8EB1946E1A25609500C80C3D /* utilities.h */ = {isa = PBXFileReference; fileEncoding = 4; lastKnownFileType = sourcecode.c.h; path = utilities.h; sourceTree = "<group>"; };
		8ECB919D19FDE86A00613CE9 /* Server */ = {isa = PBXFileReference; explicitFileType = "compiled.mach-o.executable"; includeInIndex = 0; path = Server; sourceTree = BUILT_PRODUCTS_DIR; };
		8ECB91A019FDE86A00613CE9 /* server.cpp */ = {isa = PBXFileReference; lastKnownFileType = sourcecode.cpp.cpp; path = server.cpp; sourceTree = "<group>"; };
/* End PBXFileReference section */

/* Begin PBXFrameworksBuildPhase section */
		8ECB919A19FDE86A00613CE9 /* Frameworks */ = {
			isa = PBXFrameworksBuildPhase;
			buildActionMask = 2147483647;
			files = (
			);
			runOnlyForDeploymentPostprocessing = 0;
		};
/* End PBXFrameworksBuildPhase section */

/* Begin PBXGroup section */
		8ECB919419FDE86A00613CE9 = {
			isa = PBXGroup;
			children = (
				8ECB919F19FDE86A00613CE9 /* Server */,
				8ECB919E19FDE86A00613CE9 /* Products */,
			);
			sourceTree = "<group>";
		};
		8ECB919E19FDE86A00613CE9 /* Products */ = {
			isa = PBXGroup;
			children = (
				8ECB919D19FDE86A00613CE9 /* Server */,
			);
			name = Products;
			sourceTree = "<group>";
		};
		8ECB919F19FDE86A00613CE9 /* Server */ = {
			isa = PBXGroup;
			children = (
				8E9F9D031A19B254000502DC /* server.h */,
				8ECB91A019FDE86A00613CE9 /* server.cpp */,
				8E027E871A061C300021B53B /* recoveryClient.h */,
				8E027E891A061C7F0021B53B /* recoveryClient.cpp */,
				8E649EC519FEED3A00B69C3B /* filesystem.cpp */,
				8EB1946D1A25609500C80C3D /* utilities.cpp */,
				8EB1946E1A25609500C80C3D /* utilities.h */,
				8E1B51FD19FF1E5500492A4D /* filesystem.h */,
				8E649EC719FEEDBB00B69C3B /* operations.h */,
			);
			path = Server;
			sourceTree = "<group>";
		};
/* End PBXGroup section */

/* Begin PBXNativeTarget section */
		8ECB919C19FDE86A00613CE9 /* Server */ = {
			isa = PBXNativeTarget;
			buildConfigurationList = 8ECB91A419FDE86A00613CE9 /* Build configuration list for PBXNativeTarget "Server" */;
			buildPhases = (
				8ECB919919FDE86A00613CE9 /* Sources */,
				8ECB919A19FDE86A00613CE9 /* Frameworks */,
				8ECB919B19FDE86A00613CE9 /* CopyFiles */,
			);
			buildRules = (
			);
			dependencies = (
			);
			name = Server;
			productName = Server;
			productReference = 8ECB919D19FDE86A00613CE9 /* Server */;
			productType = "com.apple.product-type.tool";
		};
/* End PBXNativeTarget section */

/* Begin PBXProject section */
		8ECB919519FDE86A00613CE9 /* Project object */ = {
			isa = PBXProject;
			attributes = {
				LastUpgradeCheck = 0600;
				ORGANIZATIONNAME = "Oleg Zdornyy";
				TargetAttributes = {
					8ECB919C19FDE86A00613CE9 = {
						CreatedOnToolsVersion = 6.0;
					};
				};
			};
			buildConfigurationList = 8ECB919819FDE86A00613CE9 /* Build configuration list for PBXProject "Server" */;
			compatibilityVersion = "Xcode 3.2";
			developmentRegion = English;
			hasScannedForEncodings = 0;
			knownRegions = (
				en,
			);
			mainGroup = 8ECB919419FDE86A00613CE9;
			productRefGroup = 8ECB919E19FDE86A00613CE9 /* Products */;
			projectDirPath = "";
			projectRoot = "";
			targets = (
				8ECB919C19FDE86A00613CE9 /* Server */,
			);
		};
/* End PBXProject section */

/* Begin PBXSourcesBuildPhase section */
		8ECB919919FDE86A00613CE9 /* Sources */ = {
			isa = PBXSourcesBuildPhase;
			buildActionMask = 2147483647;
			files = (
				8E649EC619FEED3A00B69C3B /* filesystem.cpp in Sources */,
				8ECB91A119FDE86A00613CE9 /* server.cpp in Sources */,
				8EB1946F1A25609500C80C3D /* utilities.cpp in Sources */,
				8E027E8A1A061C7F0021B53B /* recoveryClient.cpp in Sources */,
			);
			runOnlyForDeploymentPostprocessing = 0;
		};
/* End PBXSourcesBuildPhase section */

/* Begin XCBuildConfiguration section */
		8ECB91A219FDE86A00613CE9 /* Debug */ = {
			isa = XCBuildConfiguration;
			buildSettings = {
				ALWAYS_SEARCH_USER_PATHS = NO;
				CLANG_CXX_LANGUAGE_STANDARD = "gnu++0x";
				CLANG_CXX_LIBRARY = "libc++";
				CLANG_ENABLE_MODULES = YES;
				CLANG_ENABLE_OBJC_ARC = YES;
				CLANG_WARN_BOOL_CONVERSION = YES;
				CLANG_WARN_CONSTANT_CONVERSION = YES;
				CLANG_WARN_DIRECT_OBJC_ISA_USAGE = YES_ERROR;
				CLANG_WARN_EMPTY_BODY = YES;
				CLANG_WARN_ENUM_CONVERSION = YES;
				CLANG_WARN_INT_CONVERSION = YES;
				CLANG_WARN_OBJC_ROOT_CLASS = YES_ERROR;
				CLANG_WARN_UNREACHABLE_CODE = YES;
				CLANG_WARN__DUPLICATE_METHOD_MATCH = YES;
				COPY_PHASE_STRIP = NO;
				ENABLE_STRICT_OBJC_MSGSEND = YES;
				GCC_C_LANGUAGE_STANDARD = gnu99;
				GCC_DYNAMIC_NO_PIC = NO;
				GCC_OPTIMIZATION_LEVEL = 0;
				GCC_PREPROCESSOR_DEFINITIONS = (
					"DEBUG=1",
					"$(inherited)",
				);
				GCC_SYMBOLS_PRIVATE_EXTERN = NO;
				GCC_WARN_64_TO_32_BIT_CONVERSION = YES;
				GCC_WARN_ABOUT_RETURN_TYPE = YES_ERROR;
				GCC_WARN_UNDECLARED_SELECTOR = YES;
				GCC_WARN_UNINITIALIZED_AUTOS = YES_AGGRESSIVE;
				GCC_WARN_UNUSED_FUNCTION = YES;
				GCC_WARN_UNUSED_VARIABLE = YES;
				MACOSX_DEPLOYMENT_TARGET = 10.10;
				MTL_ENABLE_DEBUG_INFO = YES;
				ONLY_ACTIVE_ARCH = YES;
				SDKROOT = macosx;
			};
			name = Debug;
		};
		8ECB91A319FDE86A00613CE9 /* Release */ = {
			isa = XCBuildConfiguration;
			buildSettings = {
				ALWAYS_SEARCH_USER_PATHS = NO;
				CLANG_CXX_LANGUAGE_STANDARD = "gnu++0x";
				CLANG_CXX_LIBRARY = "libc++";
				CLANG_ENABLE_MODULES = YES;
				CLANG_ENABLE_OBJC_ARC = YES;
				CLANG_WARN_BOOL_CONVERSION = YES;
				CLANG_WARN_CONSTANT_CONVERSION = YES;
				CLANG_WARN_DIRECT_OBJC_ISA_USAGE = YES_ERROR;
				CLANG_WARN_EMPTY_BODY = YES;
				CLANG_WARN_ENUM_CONVERSION = YES;
				CLANG_WARN_INT_CONVERSION = YES;
				CLANG_WARN_OBJC_ROOT_CLASS = YES_ERROR;
				CLANG_WARN_UNREACHABLE_CODE = YES;
				CLANG_WARN__DUPLICATE_METHOD_MATCH = YES;
				COPY_PHASE_STRIP = YES;
				DEBUG_INFORMATION_FORMAT = "dwarf-with-dsym";
				ENABLE_NS_ASSERTIONS = NO;
				ENABLE_STRICT_OBJC_MSGSEND = YES;
				GCC_C_LANGUAGE_STANDARD = gnu99;
				GCC_WARN_64_TO_32_BIT_CONVERSION = YES;
				GCC_WARN_ABOUT_RETURN_TYPE = YES_ERROR;
				GCC_WARN_UNDECLARED_SELECTOR = YES;
				GCC_WARN_UNINITIALIZED_AUTOS = YES_AGGRESSIVE;
				GCC_WARN_UNUSED_FUNCTION = YES;
				GCC_WARN_UNUSED_VARIABLE = YES;
				MACOSX_DEPLOYMENT_TARGET = 10.10;
				MTL_ENABLE_DEBUG_INFO = NO;
				SDKROOT = macosx;
			};
			name = Release;
		};
		8ECB91A519FDE86A00613CE9 /* Debug */ = {
			isa = XCBuildConfiguration;
			buildSettings = {
				PRODUCT_NAME = "$(TARGET_NAME)";
			};
			name = Debug;
		};
		8ECB91A619FDE86A00613CE9 /* Release */ = {
			isa = XCBuildConfiguration;
			buildSettings = {
				PRODUCT_NAME = "$(TARGET_NAME)";
			};
			name = Release;
		};
/* End XCBuildConfiguration section */

/* Begin XCConfigurationList section */
		8ECB919819FDE86A00613CE9 /* Build configuration list for PBXProject "Server" */ = {
			isa = XCConfigurationList;
			buildConfigurations = (
				8ECB91A219FDE86A00613CE9 /* Debug */,
				8ECB91A319FDE86A00613CE9 /* Release */,
			);
			defaultConfigurationIsVisible = 0;
			defaultConfigurationName = Release;
		};
		8ECB91A419FDE86A00613CE9 /* Build configuration list for PBXNativeTarget "Server" */ = {
			isa = XCConfigurationList;
			buildConfigurations = (
				8ECB91A519FDE86A00613CE9 /* Debug */,
				8ECB91A619FDE86A00613CE9 /* Release */,
			);
			defaultConfigurationIsVisible = 0;
			defaultConfigurationName = Release;
		};
/* End XCConfigurationList section */
	};
	rootObject = 8ECB919519FDE86A00613CE9 /* Project object */;
}
